
Microsoft Visual Studio Solution File, Format Version 12.00
# Visual Studio Version 16
VisualStudioVersion = 16.0.31702.278
MinimumVisualStudioVersion = 10.0.40219.1
Project("{F184B08F-C81C-45F6-A57F-5ABD9991F28F}") = "Niculae_Ana-Maria_Lab2", "Niculae_Ana-Maria_Lab2.vbproj", "{BC10ED29-EEC5-4519-A0C7-AA882705326F}"
EndProject
Global
	GlobalSection(SolutionConfigurationPlatforms) = preSolution
		Debug|Any CPU = Debug|Any CPU
		Release|Any CPU = Release|Any CPU
	EndGlobalSection
	GlobalSection(ProjectConfigurationPlatforms) = postSolution
		{BC10ED29-EEC5-4519-A0C7-AA882705326F}.Debug|Any CPU.ActiveCfg = Debug|Any CPU
		{BC10ED29-EEC5-4519-A0C7-AA882705326F}.Debug|Any CPU.Build.0 = Debug|Any CPU
		{BC10ED29-EEC5-4519-A0C7-AA882705326F}.Release|Any CPU.ActiveCfg = Release|Any CPU
		{BC10ED29-EEC5-4519-A0C7-AA882705326F}.Release|Any CPU.Build.0 = Release|Any CPU
	EndGlobalSection
	GlobalSection(SolutionProperties) = preSolution
		HideSolutionNode = FALSE
	EndGlobalSection
	GlobalSection(ExtensibilityGlobals) = postSolution
		SolutionGuid = {B79C8669-ECED-487F-B31F-859308FC24EB}
	EndGlobalSection
EndGlobal
